
Microsoft Visual Studio Solution File, Format Version 12.00
# Visual Studio Version 17
VisualStudioVersion = 17.13.35825.156 d17.13
MinimumVisualStudioVersion = 10.0.40219.1
Project("{FAE04EC0-301F-11D3-BF4B-00C04F79EFBC}") = "Elecronic device", "Elecronic device\Elecronic device.csproj", "{2F76A3E2-545C-48DD-BD16-06AA0A6AE15B}"
EndProject
Global
	GlobalSection(SolutionConfigurationPlatforms) = preSolution
		Debug|Any CPU = Debug|Any CPU
		Release|Any CPU = Release|Any CPU
	EndGlobalSection
	GlobalSection(ProjectConfigurationPlatforms) = postSolution
		{2F76A3E2-545C-48DD-BD16-06AA0A6AE15B}.Debug|Any CPU.ActiveCfg = Debug|Any CPU
		{2F76A3E2-545C-48DD-BD16-06AA0A6AE15B}.Debug|Any CPU.Build.0 = Debug|Any CPU
		{2F76A3E2-545C-48DD-BD16-06AA0A6AE15B}.Release|Any CPU.ActiveCfg = Release|Any CPU
		{2F76A3E2-545C-48DD-BD16-06AA0A6AE15B}.Release|Any CPU.Build.0 = Release|Any CPU
	EndGlobalSection
	GlobalSection(SolutionProperties) = preSolution
		HideSolutionNode = FALSE
	EndGlobalSection
	GlobalSection(ExtensibilityGlobals) = postSolution
		SolutionGuid = {4CCA0EE4-47ED-43B7-9824-4801B80A7B08}
	EndGlobalSection
EndGlobal
