
Microsoft Visual Studio Solution File, Format Version 12.00
# Visual Studio Version 17
VisualStudioVersion = 17.13.35825.156 d17.13
MinimumVisualStudioVersion = 10.0.40219.1
Project("{FAE04EC0-301F-11D3-BF4B-00C04F79EFBC}") = "QUIZZ", "QUIZZ.csproj", "{D8DEB01E-4331-43B2-B299-DA4094592028}"
EndProject
Global
	GlobalSection(SolutionConfigurationPlatforms) = preSolution
		Debug|Any CPU = Debug|Any CPU
		Release|Any CPU = Release|Any CPU
	EndGlobalSection
	GlobalSection(ProjectConfigurationPlatforms) = postSolution
		{D8DEB01E-4331-43B2-B299-DA4094592028}.Debug|Any CPU.ActiveCfg = Debug|Any CPU
		{D8DEB01E-4331-43B2-B299-DA4094592028}.Debug|Any CPU.Build.0 = Debug|Any CPU
		{D8DEB01E-4331-43B2-B299-DA4094592028}.Release|Any CPU.ActiveCfg = Release|Any CPU
		{D8DEB01E-4331-43B2-B299-DA4094592028}.Release|Any CPU.Build.0 = Release|Any CPU
	EndGlobalSection
	GlobalSection(SolutionProperties) = preSolution
		HideSolutionNode = FALSE
	EndGlobalSection
	GlobalSection(ExtensibilityGlobals) = postSolution
		SolutionGuid = {7AF394C7-0141-4AB3-A9B4-68048CB70FFD}
	EndGlobalSection
EndGlobal
