
Microsoft Visual Studio Solution File, Format Version 12.00
# Visual Studio Version 17
VisualStudioVersion = 17.13.35825.156 d17.13
MinimumVisualStudioVersion = 10.0.40219.1
Project("{FAE04EC0-301F-11D3-BF4B-00C04F79EFBC}") = "OBE", "OBE\OBE.csproj", "{B6AAB669-9C19-4EC7-BAE6-564012D6F85C}"
EndProject
Global
	GlobalSection(SolutionConfigurationPlatforms) = preSolution
		Debug|Any CPU = Debug|Any CPU
		Release|Any CPU = Release|Any CPU
	EndGlobalSection
	GlobalSection(ProjectConfigurationPlatforms) = postSolution
		{B6AAB669-9C19-4EC7-BAE6-564012D6F85C}.Debug|Any CPU.ActiveCfg = Debug|Any CPU
		{B6AAB669-9C19-4EC7-BAE6-564012D6F85C}.Debug|Any CPU.Build.0 = Debug|Any CPU
		{B6AAB669-9C19-4EC7-BAE6-564012D6F85C}.Release|Any CPU.ActiveCfg = Release|Any CPU
		{B6AAB669-9C19-4EC7-BAE6-564012D6F85C}.Release|Any CPU.Build.0 = Release|Any CPU
	EndGlobalSection
	GlobalSection(SolutionProperties) = preSolution
		HideSolutionNode = FALSE
	EndGlobalSection
	GlobalSection(ExtensibilityGlobals) = postSolution
		SolutionGuid = {DCE72E9F-587A-4234-ACE5-D23BEF1CDED4}
	EndGlobalSection
EndGlobal
