
Microsoft Visual Studio Solution File, Format Version 12.00
# Visual Studio Version 17
VisualStudioVersion = 17.13.35825.156 d17.13
MinimumVisualStudioVersion = 10.0.40219.1
Project("{FAE04EC0-301F-11D3-BF4B-00C04F79EFBC}") = "Ticket_Booking_System", "Ticket_Booking_System\Ticket_Booking_System.csproj", "{F6052B80-FC8A-4B57-9FCD-37DEF205B36E}"
EndProject
Global
	GlobalSection(SolutionConfigurationPlatforms) = preSolution
		Debug|Any CPU = Debug|Any CPU
		Release|Any CPU = Release|Any CPU
	EndGlobalSection
	GlobalSection(ProjectConfigurationPlatforms) = postSolution
		{F6052B80-FC8A-4B57-9FCD-37DEF205B36E}.Debug|Any CPU.ActiveCfg = Debug|Any CPU
		{F6052B80-FC8A-4B57-9FCD-37DEF205B36E}.Debug|Any CPU.Build.0 = Debug|Any CPU
		{F6052B80-FC8A-4B57-9FCD-37DEF205B36E}.Release|Any CPU.ActiveCfg = Release|Any CPU
		{F6052B80-FC8A-4B57-9FCD-37DEF205B36E}.Release|Any CPU.Build.0 = Release|Any CPU
	EndGlobalSection
	GlobalSection(SolutionProperties) = preSolution
		HideSolutionNode = FALSE
	EndGlobalSection
	GlobalSection(ExtensibilityGlobals) = postSolution
		SolutionGuid = {64AF03E0-E11E-4981-A33C-BD32788ACA73}
	EndGlobalSection
EndGlobal
