
Microsoft Visual Studio Solution File, Format Version 12.00
# Visual Studio Version 17
VisualStudioVersion = 17.13.35825.156 d17.13
MinimumVisualStudioVersion = 10.0.40219.1
Project("{FAE04EC0-301F-11D3-BF4B-00C04F79EFBC}") = "Shapdrawingsystem", "Shapdrawingsystem\Shapdrawingsystem.csproj", "{BE7637F9-9AE6-485E-ABD4-4E5F37A48CD9}"
EndProject
Global
	GlobalSection(SolutionConfigurationPlatforms) = preSolution
		Debug|Any CPU = Debug|Any CPU
		Release|Any CPU = Release|Any CPU
	EndGlobalSection
	GlobalSection(ProjectConfigurationPlatforms) = postSolution
		{BE7637F9-9AE6-485E-ABD4-4E5F37A48CD9}.Debug|Any CPU.ActiveCfg = Debug|Any CPU
		{BE7637F9-9AE6-485E-ABD4-4E5F37A48CD9}.Debug|Any CPU.Build.0 = Debug|Any CPU
		{BE7637F9-9AE6-485E-ABD4-4E5F37A48CD9}.Release|Any CPU.ActiveCfg = Release|Any CPU
		{BE7637F9-9AE6-485E-ABD4-4E5F37A48CD9}.Release|Any CPU.Build.0 = Release|Any CPU
	EndGlobalSection
	GlobalSection(SolutionProperties) = preSolution
		HideSolutionNode = FALSE
	EndGlobalSection
	GlobalSection(ExtensibilityGlobals) = postSolution
		SolutionGuid = {EA06F353-704C-47BB-8CFB-36531449C873}
	EndGlobalSection
EndGlobal
