
Microsoft Visual Studio Solution File, Format Version 12.00
# Visual Studio Version 17
VisualStudioVersion = 17.13.35825.156 d17.13
MinimumVisualStudioVersion = 10.0.40219.1
Project("{FAE04EC0-301F-11D3-BF4B-00C04F79EFBC}") = "readonly", "readonly\readonly.csproj", "{51B554B3-9D51-4BD6-8AF0-5FE4F54E9594}"
EndProject
Global
	GlobalSection(SolutionConfigurationPlatforms) = preSolution
		Debug|Any CPU = Debug|Any CPU
		Release|Any CPU = Release|Any CPU
	EndGlobalSection
	GlobalSection(ProjectConfigurationPlatforms) = postSolution
		{51B554B3-9D51-4BD6-8AF0-5FE4F54E9594}.Debug|Any CPU.ActiveCfg = Debug|Any CPU
		{51B554B3-9D51-4BD6-8AF0-5FE4F54E9594}.Debug|Any CPU.Build.0 = Debug|Any CPU
		{51B554B3-9D51-4BD6-8AF0-5FE4F54E9594}.Release|Any CPU.ActiveCfg = Release|Any CPU
		{51B554B3-9D51-4BD6-8AF0-5FE4F54E9594}.Release|Any CPU.Build.0 = Release|Any CPU
	EndGlobalSection
	GlobalSection(SolutionProperties) = preSolution
		HideSolutionNode = FALSE
	EndGlobalSection
	GlobalSection(ExtensibilityGlobals) = postSolution
		SolutionGuid = {CF4C3EFD-BE6E-4318-A71F-E9A906F35C2B}
	EndGlobalSection
EndGlobal
