
Microsoft Visual Studio Solution File, Format Version 12.00
# Visual Studio Version 17
VisualStudioVersion = 17.13.35825.156 d17.13
MinimumVisualStudioVersion = 10.0.40219.1
Project("{FAE04EC0-301F-11D3-BF4B-00C04F79EFBC}") = "structure", "structure\structure.csproj", "{42E23C32-4285-4052-AAD1-C6B818BD822A}"
EndProject
Global
	GlobalSection(SolutionConfigurationPlatforms) = preSolution
		Debug|Any CPU = Debug|Any CPU
		Release|Any CPU = Release|Any CPU
	EndGlobalSection
	GlobalSection(ProjectConfigurationPlatforms) = postSolution
		{42E23C32-4285-4052-AAD1-C6B818BD822A}.Debug|Any CPU.ActiveCfg = Debug|Any CPU
		{42E23C32-4285-4052-AAD1-C6B818BD822A}.Debug|Any CPU.Build.0 = Debug|Any CPU
		{42E23C32-4285-4052-AAD1-C6B818BD822A}.Release|Any CPU.ActiveCfg = Release|Any CPU
		{42E23C32-4285-4052-AAD1-C6B818BD822A}.Release|Any CPU.Build.0 = Release|Any CPU
	EndGlobalSection
	GlobalSection(SolutionProperties) = preSolution
		HideSolutionNode = FALSE
	EndGlobalSection
	GlobalSection(ExtensibilityGlobals) = postSolution
		SolutionGuid = {90DC2227-148D-42D3-8D30-D341798BD48A}
	EndGlobalSection
EndGlobal
