
Microsoft Visual Studio Solution File, Format Version 12.00
# Visual Studio Version 17
VisualStudioVersion = 17.13.35825.156 d17.13
MinimumVisualStudioVersion = 10.0.40219.1
Project("{FAE04EC0-301F-11D3-BF4B-00C04F79EFBC}") = "bank accont management system", "bank accont management system\bank accont management system.csproj", "{572A6247-70F8-48DC-B3E4-BA7A9C86C507}"
EndProject
Global
	GlobalSection(SolutionConfigurationPlatforms) = preSolution
		Debug|Any CPU = Debug|Any CPU
		Release|Any CPU = Release|Any CPU
	EndGlobalSection
	GlobalSection(ProjectConfigurationPlatforms) = postSolution
		{572A6247-70F8-48DC-B3E4-BA7A9C86C507}.Debug|Any CPU.ActiveCfg = Debug|Any CPU
		{572A6247-70F8-48DC-B3E4-BA7A9C86C507}.Debug|Any CPU.Build.0 = Debug|Any CPU
		{572A6247-70F8-48DC-B3E4-BA7A9C86C507}.Release|Any CPU.ActiveCfg = Release|Any CPU
		{572A6247-70F8-48DC-B3E4-BA7A9C86C507}.Release|Any CPU.Build.0 = Release|Any CPU
	EndGlobalSection
	GlobalSection(SolutionProperties) = preSolution
		HideSolutionNode = FALSE
	EndGlobalSection
	GlobalSection(ExtensibilityGlobals) = postSolution
		SolutionGuid = {5DC590CB-4C58-4AF6-A9A4-85E2C8820CE9}
	EndGlobalSection
EndGlobal
