
Microsoft Visual Studio Solution File, Format Version 12.00
# Visual Studio Version 17
VisualStudioVersion = 17.13.35825.156 d17.13
MinimumVisualStudioVersion = 10.0.40219.1
Project("{FAE04EC0-301F-11D3-BF4B-00C04F79EFBC}") = "ConsoleApp5", "ConsoleApp5.csproj", "{FAF3CFE4-AD41-48B1-9B65-E7ECF573CA31}"
EndProject
Global
	GlobalSection(SolutionConfigurationPlatforms) = preSolution
		Debug|Any CPU = Debug|Any CPU
		Release|Any CPU = Release|Any CPU
	EndGlobalSection
	GlobalSection(ProjectConfigurationPlatforms) = postSolution
		{FAF3CFE4-AD41-48B1-9B65-E7ECF573CA31}.Debug|Any CPU.ActiveCfg = Debug|Any CPU
		{FAF3CFE4-AD41-48B1-9B65-E7ECF573CA31}.Debug|Any CPU.Build.0 = Debug|Any CPU
		{FAF3CFE4-AD41-48B1-9B65-E7ECF573CA31}.Release|Any CPU.ActiveCfg = Release|Any CPU
		{FAF3CFE4-AD41-48B1-9B65-E7ECF573CA31}.Release|Any CPU.Build.0 = Release|Any CPU
	EndGlobalSection
	GlobalSection(SolutionProperties) = preSolution
		HideSolutionNode = FALSE
	EndGlobalSection
	GlobalSection(ExtensibilityGlobals) = postSolution
		SolutionGuid = {6D88BD22-0EA1-4503-A821-EA1D40279E58}
	EndGlobalSection
EndGlobal
