
Microsoft Visual Studio Solution File, Format Version 12.00
# Visual Studio Version 17
VisualStudioVersion = 17.13.35825.156 d17.13
MinimumVisualStudioVersion = 10.0.40219.1
Project("{FAE04EC0-301F-11D3-BF4B-00C04F79EFBC}") = "refkeyword", "refkeyword\refkeyword.csproj", "{8202CF9A-B91B-4150-B319-69D2F342A3CC}"
EndProject
Global
	GlobalSection(SolutionConfigurationPlatforms) = preSolution
		Debug|Any CPU = Debug|Any CPU
		Release|Any CPU = Release|Any CPU
	EndGlobalSection
	GlobalSection(ProjectConfigurationPlatforms) = postSolution
		{8202CF9A-B91B-4150-B319-69D2F342A3CC}.Debug|Any CPU.ActiveCfg = Debug|Any CPU
		{8202CF9A-B91B-4150-B319-69D2F342A3CC}.Debug|Any CPU.Build.0 = Debug|Any CPU
		{8202CF9A-B91B-4150-B319-69D2F342A3CC}.Release|Any CPU.ActiveCfg = Release|Any CPU
		{8202CF9A-B91B-4150-B319-69D2F342A3CC}.Release|Any CPU.Build.0 = Release|Any CPU
	EndGlobalSection
	GlobalSection(SolutionProperties) = preSolution
		HideSolutionNode = FALSE
	EndGlobalSection
	GlobalSection(ExtensibilityGlobals) = postSolution
		SolutionGuid = {6D808B42-D84C-465E-A99A-F76C9083F88C}
	EndGlobalSection
EndGlobal
