
Microsoft Visual Studio Solution File, Format Version 12.00
# Visual Studio Version 17
VisualStudioVersion = 17.13.35825.156 d17.13
MinimumVisualStudioVersion = 10.0.40219.1
Project("{FAE04EC0-301F-11D3-BF4B-00C04F79EFBC}") = "ConsoleApp4", "ConsoleApp4.csproj", "{6E2252AE-7E06-490C-AC3F-9D89242EA225}"
EndProject
Global
	GlobalSection(SolutionConfigurationPlatforms) = preSolution
		Debug|Any CPU = Debug|Any CPU
		Release|Any CPU = Release|Any CPU
	EndGlobalSection
	GlobalSection(ProjectConfigurationPlatforms) = postSolution
		{6E2252AE-7E06-490C-AC3F-9D89242EA225}.Debug|Any CPU.ActiveCfg = Debug|Any CPU
		{6E2252AE-7E06-490C-AC3F-9D89242EA225}.Debug|Any CPU.Build.0 = Debug|Any CPU
		{6E2252AE-7E06-490C-AC3F-9D89242EA225}.Release|Any CPU.ActiveCfg = Release|Any CPU
		{6E2252AE-7E06-490C-AC3F-9D89242EA225}.Release|Any CPU.Build.0 = Release|Any CPU
	EndGlobalSection
	GlobalSection(SolutionProperties) = preSolution
		HideSolutionNode = FALSE
	EndGlobalSection
	GlobalSection(ExtensibilityGlobals) = postSolution
		SolutionGuid = {8122D913-659C-4EFE-8865-95A591935DE4}
	EndGlobalSection
EndGlobal
